
Microsoft Visual Studio Solution File, Format Version 12.00
Project("{FAE04EC0-301F-11D3-BF4B-00C04F79EFBC}") = "ConsoleApp1 1.2 1", "ConsoleApp1 1.2 1\ConsoleApp1 1.2 1.csproj", "{9ED04E47-7F6C-4C46-BD57-0E0DE953CFA7}"
EndProject
Project("{FAE04EC0-301F-11D3-BF4B-00C04F79EFBC}") = "ConsoleApp1 1.2 2", "ConsoleApp1 1.2 2\ConsoleApp1 1.2 2.csproj", "{64EE2F66-CFF6-4428-823C-DBD80DEE2CEB}"
EndProject
Project("{FAE04EC0-301F-11D3-BF4B-00C04F79EFBC}") = "ConsoleApp1 1.2 3", "ConsoleApp1 1.2 3\ConsoleApp1 1.2 3.csproj", "{72B1D9AC-D398-44F0-99F4-839D35E812CE}"
EndProject
Project("{FAE04EC0-301F-11D3-BF4B-00C04F79EFBC}") = "ConsoleApp1 1.2 4", "ConsoleApp1 1.2 4\ConsoleApp1 1.2 4.csproj", "{20D9D76B-9FBA-4931-BA1F-D6862FFECF4D}"
EndProject
Project("{FAE04EC0-301F-11D3-BF4B-00C04F79EFBC}") = "ConsoleApp1 1.2 5", "ConsoleApp1 1.2 5\ConsoleApp1 1.2 5.csproj", "{71090946-9074-4CA9-BF8F-7A48E2ACC726}"
EndProject
Project("{FAE04EC0-301F-11D3-BF4B-00C04F79EFBC}") = "ConsoleApp1 1.4 1", "ConsoleApp1 1.4 1\ConsoleApp1 1.4 1.csproj", "{6EE55019-5D64-41C8-B98E-887D238DB86C}"
EndProject
Project("{FAE04EC0-301F-11D3-BF4B-00C04F79EFBC}") = "ConsoleApp1 1.4 2", "ConsoleApp1 1.4 2\ConsoleApp1 1.4 2.csproj", "{0979A5FA-41A6-4538-BF98-5E840A4C9C43}"
EndProject
Project("{FAE04EC0-301F-11D3-BF4B-00C04F79EFBC}") = "ConsoleApp1 1.4 3", "ConsoleApp1 1.4 3\ConsoleApp1 1.4 3.csproj", "{D8FDB2EA-61F5-4846-8D4B-A3B054D3E5B0}"
EndProject
Project("{FAE04EC0-301F-11D3-BF4B-00C04F79EFBC}") = "ConsoleApp1 1.4 4", "ConsoleApp1 1.4 4\ConsoleApp1 1.4 4.csproj", "{EA6CAC23-BBF4-4A06-9B4A-6F2C2FD803D8}"
EndProject
Project("{FAE04EC0-301F-11D3-BF4B-00C04F79EFBC}") = "ConsoleApp1 1.5 1", "ConsoleApp1 1.5 1\ConsoleApp1 1.5 1.csproj", "{926E143B-611C-47B4-B3B5-4E0B8F35065C}"
EndProject
Project("{FAE04EC0-301F-11D3-BF4B-00C04F79EFBC}") = "ConsoleApp1 1.5 2", "ConsoleApp1 1.5 2\ConsoleApp1 1.5 2.csproj", "{E21B134E-4179-4A8C-BCF4-55ED55ADB030}"
EndProject
Project("{FAE04EC0-301F-11D3-BF4B-00C04F79EFBC}") = "ConsoleApp1 1.3 1", "ConsoleApp1 1.3 1\ConsoleApp1 1.3 1.csproj", "{55589DBA-3D19-42A2-8E7F-2483BBF48745}"
EndProject
Project("{FAE04EC0-301F-11D3-BF4B-00C04F79EFBC}") = "ConsoleApp1 1.1 3", "ConsoleApp1 1.1 3\ConsoleApp1 1.1 3.csproj", "{C171A542-EB5F-4A4A-86AF-B72DA8D0F55F}"
EndProject
Project("{FAE04EC0-301F-11D3-BF4B-00C04F79EFBC}") = "ConsoleApp1 5.3", "ConsoleApp1 5.3\ConsoleApp1 5.3.csproj", "{122FDC61-6C6F-49E3-B4CD-5D2934E24587}"
EndProject
Project("{FAE04EC0-301F-11D3-BF4B-00C04F79EFBC}") = "ConsoleApp1 5.4", "ConsoleApp1 5.4\ConsoleApp1 5.4.csproj", "{EF9CE5DA-DE22-4C53-BE7A-969D151033A6}"
EndProject
Project("{FAE04EC0-301F-11D3-BF4B-00C04F79EFBC}") = "ConsoleApp1 5.5", "ConsoleApp1 5.5\ConsoleApp1 5.5.csproj", "{6AF9CE79-CB43-44E3-A53E-8DF4A83CAC59}"
EndProject
Project("{FAE04EC0-301F-11D3-BF4B-00C04F79EFBC}") = "ConsoleApp1 6.1", "ConsoleApp1 6.1\ConsoleApp1 6.1.csproj", "{3CC4CBF0-0AEF-46D4-8B18-E7F618C7C215}"
EndProject
Project("{FAE04EC0-301F-11D3-BF4B-00C04F79EFBC}") = "ConsoleApp1 6.2", "ConsoleApp1 6.2\ConsoleApp1 6.2.csproj", "{A8A57AE1-A78C-447C-B202-EB980F1B965D}"
EndProject
Project("{FAE04EC0-301F-11D3-BF4B-00C04F79EFBC}") = "ConsoleApp1 6.3", "ConsoleApp1 6.3\ConsoleApp1 6.3.csproj", "{6329746D-1E5E-434E-A654-4F77AC778CFD}"
EndProject
Project("{FAE04EC0-301F-11D3-BF4B-00C04F79EFBC}") = "ConsoleApp1 6.4", "ConsoleApp1 6.4\ConsoleApp1 6.4.csproj", "{56AE2949-1E7B-44B2-9C59-E44369BCB27B}"
EndProject
Project("{FAE04EC0-301F-11D3-BF4B-00C04F79EFBC}") = "ConsoleApp1 6.5", "ConsoleApp1 6.5\ConsoleApp1 6.5.csproj", "{BA0215DA-EC2C-4937-95E3-CB1407DE2314}"
EndProject
Project("{FAE04EC0-301F-11D3-BF4B-00C04F79EFBC}") = "ConsoleApp1 6.6", "ConsoleApp1 6.6\ConsoleApp1 6.6.csproj", "{8DEE2B57-1AE8-4008-A0C5-588D674A1E66}"
EndProject
Project("{FAE04EC0-301F-11D3-BF4B-00C04F79EFBC}") = "ConsoleApp1 1.4 5", "ConsoleApp1 1.4 5\ConsoleApp1 1.4 5.csproj", "{4E64CF8E-9889-4E68-B652-7402B55CB250}"
EndProject
Project("{FAE04EC0-301F-11D3-BF4B-00C04F79EFBC}") = "ConsoleApp1 1.4 6", "ConsoleApp1 1.4 6\ConsoleApp1 1.4 6.csproj", "{74245C67-552A-468E-9C5C-C0D85A058BA0}"
EndProject
Project("{FAE04EC0-301F-11D3-BF4B-00C04F79EFBC}") = "ConsoleApp1 1.3 2", "ConsoleApp1 1.3 2\ConsoleApp1 1.3 2.csproj", "{72530EE9-7123-46E1-8F94-B21AFAAEF3AA}"
EndProject
Project("{FAE04EC0-301F-11D3-BF4B-00C04F79EFBC}") = "ConsoleApp1 1.3 3", "ConsoleApp1 1.3 3\ConsoleApp1 1.3 3.csproj", "{91C380B1-6F82-4BD3-A19E-17945C9139A5}"
EndProject
Project("{FAE04EC0-301F-11D3-BF4B-00C04F79EFBC}") = "ConsoleApp1 1.1", "ConsoleApp1 1.1\ConsoleApp1 1.1.csproj", "{B0A4A721-A320-4560-813C-129F1768FA1A}"
EndProject
Project("{FAE04EC0-301F-11D3-BF4B-00C04F79EFBC}") = "ConsoleApp1 1.1 2", "ConsoleApp1 1.1 2\ConsoleApp1 1.1 2.csproj", "{DDA5FC56-0867-420A-90C7-368621F51501}"
EndProject
Project("{FAE04EC0-301F-11D3-BF4B-00C04F79EFBC}") = "ConsoleApp1 1.1 5", "ConsoleApp1 1.1 5\ConsoleApp1 1.1 5.csproj", "{B88684C8-4728-46F8-AF01-E0FE2DA10540}"
EndProject
Project("{FAE04EC0-301F-11D3-BF4B-00C04F79EFBC}") = "ConsoleApp1 1.1 4", "ConsoleApp1 1.1 4\ConsoleApp1 1.1 4.csproj", "{45777B53-EFB9-42A2-8897-09A91D781559}"
EndProject
Global
	GlobalSection(SolutionConfigurationPlatforms) = preSolution
		Debug|Any CPU = Debug|Any CPU
		Release|Any CPU = Release|Any CPU
	EndGlobalSection
	GlobalSection(ProjectConfigurationPlatforms) = postSolution
		{9ED04E47-7F6C-4C46-BD57-0E0DE953CFA7}.Debug|Any CPU.ActiveCfg = Debug|Any CPU
		{9ED04E47-7F6C-4C46-BD57-0E0DE953CFA7}.Debug|Any CPU.Build.0 = Debug|Any CPU
		{9ED04E47-7F6C-4C46-BD57-0E0DE953CFA7}.Release|Any CPU.ActiveCfg = Release|Any CPU
		{9ED04E47-7F6C-4C46-BD57-0E0DE953CFA7}.Release|Any CPU.Build.0 = Release|Any CPU
		{64EE2F66-CFF6-4428-823C-DBD80DEE2CEB}.Debug|Any CPU.ActiveCfg = Debug|Any CPU
		{64EE2F66-CFF6-4428-823C-DBD80DEE2CEB}.Debug|Any CPU.Build.0 = Debug|Any CPU
		{64EE2F66-CFF6-4428-823C-DBD80DEE2CEB}.Release|Any CPU.ActiveCfg = Release|Any CPU
		{64EE2F66-CFF6-4428-823C-DBD80DEE2CEB}.Release|Any CPU.Build.0 = Release|Any CPU
		{72B1D9AC-D398-44F0-99F4-839D35E812CE}.Debug|Any CPU.ActiveCfg = Debug|Any CPU
		{72B1D9AC-D398-44F0-99F4-839D35E812CE}.Debug|Any CPU.Build.0 = Debug|Any CPU
		{72B1D9AC-D398-44F0-99F4-839D35E812CE}.Release|Any CPU.ActiveCfg = Release|Any CPU
		{72B1D9AC-D398-44F0-99F4-839D35E812CE}.Release|Any CPU.Build.0 = Release|Any CPU
		{20D9D76B-9FBA-4931-BA1F-D6862FFECF4D}.Debug|Any CPU.ActiveCfg = Debug|Any CPU
		{20D9D76B-9FBA-4931-BA1F-D6862FFECF4D}.Debug|Any CPU.Build.0 = Debug|Any CPU
		{20D9D76B-9FBA-4931-BA1F-D6862FFECF4D}.Release|Any CPU.ActiveCfg = Release|Any CPU
		{20D9D76B-9FBA-4931-BA1F-D6862FFECF4D}.Release|Any CPU.Build.0 = Release|Any CPU
		{71090946-9074-4CA9-BF8F-7A48E2ACC726}.Debug|Any CPU.ActiveCfg = Debug|Any CPU
		{71090946-9074-4CA9-BF8F-7A48E2ACC726}.Debug|Any CPU.Build.0 = Debug|Any CPU
		{71090946-9074-4CA9-BF8F-7A48E2ACC726}.Release|Any CPU.ActiveCfg = Release|Any CPU
		{71090946-9074-4CA9-BF8F-7A48E2ACC726}.Release|Any CPU.Build.0 = Release|Any CPU
		{6EE55019-5D64-41C8-B98E-887D238DB86C}.Debug|Any CPU.ActiveCfg = Debug|Any CPU
		{6EE55019-5D64-41C8-B98E-887D238DB86C}.Debug|Any CPU.Build.0 = Debug|Any CPU
		{6EE55019-5D64-41C8-B98E-887D238DB86C}.Release|Any CPU.ActiveCfg = Release|Any CPU
		{6EE55019-5D64-41C8-B98E-887D238DB86C}.Release|Any CPU.Build.0 = Release|Any CPU
		{0979A5FA-41A6-4538-BF98-5E840A4C9C43}.Debug|Any CPU.ActiveCfg = Debug|Any CPU
		{0979A5FA-41A6-4538-BF98-5E840A4C9C43}.Debug|Any CPU.Build.0 = Debug|Any CPU
		{0979A5FA-41A6-4538-BF98-5E840A4C9C43}.Release|Any CPU.ActiveCfg = Release|Any CPU
		{0979A5FA-41A6-4538-BF98-5E840A4C9C43}.Release|Any CPU.Build.0 = Release|Any CPU
		{D8FDB2EA-61F5-4846-8D4B-A3B054D3E5B0}.Debug|Any CPU.ActiveCfg = Debug|Any CPU
		{D8FDB2EA-61F5-4846-8D4B-A3B054D3E5B0}.Debug|Any CPU.Build.0 = Debug|Any CPU
		{D8FDB2EA-61F5-4846-8D4B-A3B054D3E5B0}.Release|Any CPU.ActiveCfg = Release|Any CPU
		{D8FDB2EA-61F5-4846-8D4B-A3B054D3E5B0}.Release|Any CPU.Build.0 = Release|Any CPU
		{EA6CAC23-BBF4-4A06-9B4A-6F2C2FD803D8}.Debug|Any CPU.ActiveCfg = Debug|Any CPU
		{EA6CAC23-BBF4-4A06-9B4A-6F2C2FD803D8}.Debug|Any CPU.Build.0 = Debug|Any CPU
		{EA6CAC23-BBF4-4A06-9B4A-6F2C2FD803D8}.Release|Any CPU.ActiveCfg = Release|Any CPU
		{EA6CAC23-BBF4-4A06-9B4A-6F2C2FD803D8}.Release|Any CPU.Build.0 = Release|Any CPU
		{926E143B-611C-47B4-B3B5-4E0B8F35065C}.Debug|Any CPU.ActiveCfg = Debug|Any CPU
		{926E143B-611C-47B4-B3B5-4E0B8F35065C}.Debug|Any CPU.Build.0 = Debug|Any CPU
		{926E143B-611C-47B4-B3B5-4E0B8F35065C}.Release|Any CPU.ActiveCfg = Release|Any CPU
		{926E143B-611C-47B4-B3B5-4E0B8F35065C}.Release|Any CPU.Build.0 = Release|Any CPU
		{E21B134E-4179-4A8C-BCF4-55ED55ADB030}.Debug|Any CPU.ActiveCfg = Debug|Any CPU
		{E21B134E-4179-4A8C-BCF4-55ED55ADB030}.Debug|Any CPU.Build.0 = Debug|Any CPU
		{E21B134E-4179-4A8C-BCF4-55ED55ADB030}.Release|Any CPU.ActiveCfg = Release|Any CPU
		{E21B134E-4179-4A8C-BCF4-55ED55ADB030}.Release|Any CPU.Build.0 = Release|Any CPU
		{55589DBA-3D19-42A2-8E7F-2483BBF48745}.Debug|Any CPU.ActiveCfg = Debug|Any CPU
		{55589DBA-3D19-42A2-8E7F-2483BBF48745}.Debug|Any CPU.Build.0 = Debug|Any CPU
		{55589DBA-3D19-42A2-8E7F-2483BBF48745}.Release|Any CPU.ActiveCfg = Release|Any CPU
		{55589DBA-3D19-42A2-8E7F-2483BBF48745}.Release|Any CPU.Build.0 = Release|Any CPU
		{C171A542-EB5F-4A4A-86AF-B72DA8D0F55F}.Debug|Any CPU.ActiveCfg = Debug|Any CPU
		{C171A542-EB5F-4A4A-86AF-B72DA8D0F55F}.Debug|Any CPU.Build.0 = Debug|Any CPU
		{C171A542-EB5F-4A4A-86AF-B72DA8D0F55F}.Release|Any CPU.ActiveCfg = Release|Any CPU
		{C171A542-EB5F-4A4A-86AF-B72DA8D0F55F}.Release|Any CPU.Build.0 = Release|Any CPU
		{122FDC61-6C6F-49E3-B4CD-5D2934E24587}.Debug|Any CPU.ActiveCfg = Debug|Any CPU
		{122FDC61-6C6F-49E3-B4CD-5D2934E24587}.Debug|Any CPU.Build.0 = Debug|Any CPU
		{122FDC61-6C6F-49E3-B4CD-5D2934E24587}.Release|Any CPU.ActiveCfg = Release|Any CPU
		{122FDC61-6C6F-49E3-B4CD-5D2934E24587}.Release|Any CPU.Build.0 = Release|Any CPU
		{EF9CE5DA-DE22-4C53-BE7A-969D151033A6}.Debug|Any CPU.ActiveCfg = Debug|Any CPU
		{EF9CE5DA-DE22-4C53-BE7A-969D151033A6}.Debug|Any CPU.Build.0 = Debug|Any CPU
		{EF9CE5DA-DE22-4C53-BE7A-969D151033A6}.Release|Any CPU.ActiveCfg = Release|Any CPU
		{EF9CE5DA-DE22-4C53-BE7A-969D151033A6}.Release|Any CPU.Build.0 = Release|Any CPU
		{6AF9CE79-CB43-44E3-A53E-8DF4A83CAC59}.Debug|Any CPU.ActiveCfg = Debug|Any CPU
		{6AF9CE79-CB43-44E3-A53E-8DF4A83CAC59}.Debug|Any CPU.Build.0 = Debug|Any CPU
		{6AF9CE79-CB43-44E3-A53E-8DF4A83CAC59}.Release|Any CPU.ActiveCfg = Release|Any CPU
		{6AF9CE79-CB43-44E3-A53E-8DF4A83CAC59}.Release|Any CPU.Build.0 = Release|Any CPU
		{3CC4CBF0-0AEF-46D4-8B18-E7F618C7C215}.Debug|Any CPU.ActiveCfg = Debug|Any CPU
		{3CC4CBF0-0AEF-46D4-8B18-E7F618C7C215}.Debug|Any CPU.Build.0 = Debug|Any CPU
		{3CC4CBF0-0AEF-46D4-8B18-E7F618C7C215}.Release|Any CPU.ActiveCfg = Release|Any CPU
		{3CC4CBF0-0AEF-46D4-8B18-E7F618C7C215}.Release|Any CPU.Build.0 = Release|Any CPU
		{A8A57AE1-A78C-447C-B202-EB980F1B965D}.Debug|Any CPU.ActiveCfg = Debug|Any CPU
		{A8A57AE1-A78C-447C-B202-EB980F1B965D}.Debug|Any CPU.Build.0 = Debug|Any CPU
		{A8A57AE1-A78C-447C-B202-EB980F1B965D}.Release|Any CPU.ActiveCfg = Release|Any CPU
		{A8A57AE1-A78C-447C-B202-EB980F1B965D}.Release|Any CPU.Build.0 = Release|Any CPU
		{6329746D-1E5E-434E-A654-4F77AC778CFD}.Debug|Any CPU.ActiveCfg = Debug|Any CPU
		{6329746D-1E5E-434E-A654-4F77AC778CFD}.Debug|Any CPU.Build.0 = Debug|Any CPU
		{6329746D-1E5E-434E-A654-4F77AC778CFD}.Release|Any CPU.ActiveCfg = Release|Any CPU
		{6329746D-1E5E-434E-A654-4F77AC778CFD}.Release|Any CPU.Build.0 = Release|Any CPU
		{56AE2949-1E7B-44B2-9C59-E44369BCB27B}.Debug|Any CPU.ActiveCfg = Debug|Any CPU
		{56AE2949-1E7B-44B2-9C59-E44369BCB27B}.Debug|Any CPU.Build.0 = Debug|Any CPU
		{56AE2949-1E7B-44B2-9C59-E44369BCB27B}.Release|Any CPU.ActiveCfg = Release|Any CPU
		{56AE2949-1E7B-44B2-9C59-E44369BCB27B}.Release|Any CPU.Build.0 = Release|Any CPU
		{BA0215DA-EC2C-4937-95E3-CB1407DE2314}.Debug|Any CPU.ActiveCfg = Debug|Any CPU
		{BA0215DA-EC2C-4937-95E3-CB1407DE2314}.Debug|Any CPU.Build.0 = Debug|Any CPU
		{BA0215DA-EC2C-4937-95E3-CB1407DE2314}.Release|Any CPU.ActiveCfg = Release|Any CPU
		{BA0215DA-EC2C-4937-95E3-CB1407DE2314}.Release|Any CPU.Build.0 = Release|Any CPU
		{8DEE2B57-1AE8-4008-A0C5-588D674A1E66}.Debug|Any CPU.ActiveCfg = Debug|Any CPU
		{8DEE2B57-1AE8-4008-A0C5-588D674A1E66}.Debug|Any CPU.Build.0 = Debug|Any CPU
		{8DEE2B57-1AE8-4008-A0C5-588D674A1E66}.Release|Any CPU.ActiveCfg = Release|Any CPU
		{8DEE2B57-1AE8-4008-A0C5-588D674A1E66}.Release|Any CPU.Build.0 = Release|Any CPU
		{4E64CF8E-9889-4E68-B652-7402B55CB250}.Debug|Any CPU.ActiveCfg = Debug|Any CPU
		{4E64CF8E-9889-4E68-B652-7402B55CB250}.Debug|Any CPU.Build.0 = Debug|Any CPU
		{4E64CF8E-9889-4E68-B652-7402B55CB250}.Release|Any CPU.ActiveCfg = Release|Any CPU
		{4E64CF8E-9889-4E68-B652-7402B55CB250}.Release|Any CPU.Build.0 = Release|Any CPU
		{74245C67-552A-468E-9C5C-C0D85A058BA0}.Debug|Any CPU.ActiveCfg = Debug|Any CPU
		{74245C67-552A-468E-9C5C-C0D85A058BA0}.Debug|Any CPU.Build.0 = Debug|Any CPU
		{74245C67-552A-468E-9C5C-C0D85A058BA0}.Release|Any CPU.ActiveCfg = Release|Any CPU
		{74245C67-552A-468E-9C5C-C0D85A058BA0}.Release|Any CPU.Build.0 = Release|Any CPU
		{72530EE9-7123-46E1-8F94-B21AFAAEF3AA}.Debug|Any CPU.ActiveCfg = Debug|Any CPU
		{72530EE9-7123-46E1-8F94-B21AFAAEF3AA}.Debug|Any CPU.Build.0 = Debug|Any CPU
		{72530EE9-7123-46E1-8F94-B21AFAAEF3AA}.Release|Any CPU.ActiveCfg = Release|Any CPU
		{72530EE9-7123-46E1-8F94-B21AFAAEF3AA}.Release|Any CPU.Build.0 = Release|Any CPU
		{91C380B1-6F82-4BD3-A19E-17945C9139A5}.Debug|Any CPU.ActiveCfg = Debug|Any CPU
		{91C380B1-6F82-4BD3-A19E-17945C9139A5}.Debug|Any CPU.Build.0 = Debug|Any CPU
		{91C380B1-6F82-4BD3-A19E-17945C9139A5}.Release|Any CPU.ActiveCfg = Release|Any CPU
		{91C380B1-6F82-4BD3-A19E-17945C9139A5}.Release|Any CPU.Build.0 = Release|Any CPU
		{B0A4A721-A320-4560-813C-129F1768FA1A}.Debug|Any CPU.ActiveCfg = Debug|Any CPU
		{B0A4A721-A320-4560-813C-129F1768FA1A}.Debug|Any CPU.Build.0 = Debug|Any CPU
		{B0A4A721-A320-4560-813C-129F1768FA1A}.Release|Any CPU.ActiveCfg = Release|Any CPU
		{B0A4A721-A320-4560-813C-129F1768FA1A}.Release|Any CPU.Build.0 = Release|Any CPU
		{DDA5FC56-0867-420A-90C7-368621F51501}.Debug|Any CPU.ActiveCfg = Debug|Any CPU
		{DDA5FC56-0867-420A-90C7-368621F51501}.Debug|Any CPU.Build.0 = Debug|Any CPU
		{DDA5FC56-0867-420A-90C7-368621F51501}.Release|Any CPU.ActiveCfg = Release|Any CPU
		{DDA5FC56-0867-420A-90C7-368621F51501}.Release|Any CPU.Build.0 = Release|Any CPU
		{B88684C8-4728-46F8-AF01-E0FE2DA10540}.Debug|Any CPU.ActiveCfg = Debug|Any CPU
		{B88684C8-4728-46F8-AF01-E0FE2DA10540}.Debug|Any CPU.Build.0 = Debug|Any CPU
		{B88684C8-4728-46F8-AF01-E0FE2DA10540}.Release|Any CPU.ActiveCfg = Release|Any CPU
		{B88684C8-4728-46F8-AF01-E0FE2DA10540}.Release|Any CPU.Build.0 = Release|Any CPU
		{45777B53-EFB9-42A2-8897-09A91D781559}.Debug|Any CPU.ActiveCfg = Debug|Any CPU
		{45777B53-EFB9-42A2-8897-09A91D781559}.Debug|Any CPU.Build.0 = Debug|Any CPU
		{45777B53-EFB9-42A2-8897-09A91D781559}.Release|Any CPU.ActiveCfg = Release|Any CPU
		{45777B53-EFB9-42A2-8897-09A91D781559}.Release|Any CPU.Build.0 = Release|Any CPU
	EndGlobalSection
EndGlobal
